
Microsoft Visual Studio Solution File, Format Version 12.00
# Visual Studio 14
VisualStudioVersion = 14.0.25420.1
MinimumVisualStudioVersion = 10.0.40219.1
Project("{FAE04EC0-301F-11D3-BF4B-00C04F79EFBC}") = "B42A02_HVKControl", "B42A02_HVKControl\B42A02_HVKControl.csproj", "{7E5B1D42-E17E-4558-BC09-B92471F008FF}"
EndProject
Project("{FAE04EC0-301F-11D3-BF4B-00C04F79EFBC}") = "HVKControlDBTest", "HVKControlDBTest\HVKControlDBTest.csproj", "{610425D6-BBD2-4151-8A5D-8A31056030C8}"
EndProject
Global
	GlobalSection(SolutionConfigurationPlatforms) = preSolution
		Debug|Any CPU = Debug|Any CPU
		Release|Any CPU = Release|Any CPU
	EndGlobalSection
	GlobalSection(ProjectConfigurationPlatforms) = postSolution
		{7E5B1D42-E17E-4558-BC09-B92471F008FF}.Debug|Any CPU.ActiveCfg = Debug|Any CPU
		{7E5B1D42-E17E-4558-BC09-B92471F008FF}.Debug|Any CPU.Build.0 = Debug|Any CPU
		{7E5B1D42-E17E-4558-BC09-B92471F008FF}.Release|Any CPU.ActiveCfg = Release|Any CPU
		{7E5B1D42-E17E-4558-BC09-B92471F008FF}.Release|Any CPU.Build.0 = Release|Any CPU
		{610425D6-BBD2-4151-8A5D-8A31056030C8}.Debug|Any CPU.ActiveCfg = Debug|Any CPU
		{610425D6-BBD2-4151-8A5D-8A31056030C8}.Debug|Any CPU.Build.0 = Debug|Any CPU
		{610425D6-BBD2-4151-8A5D-8A31056030C8}.Release|Any CPU.ActiveCfg = Release|Any CPU
		{610425D6-BBD2-4151-8A5D-8A31056030C8}.Release|Any CPU.Build.0 = Release|Any CPU
	EndGlobalSection
	GlobalSection(SolutionProperties) = preSolution
		HideSolutionNode = FALSE
	EndGlobalSection
EndGlobal
