
Microsoft Visual Studio Solution File, Format Version 12.00
# Visual Studio 14
VisualStudioVersion = 14.0.25420.1
MinimumVisualStudioVersion = 10.0.40219.1
Project("{FAE04EC0-301F-11D3-BF4B-00C04F79EFBC}") = "aha_B42L01", "aha_B42L01\aha_B42L01.csproj", "{9E37951B-BF9B-4CC8-A6E0-B49A7F954549}"
EndProject
Project("{FAE04EC0-301F-11D3-BF4B-00C04F79EFBC}") = "aha_B42L01B", "aha_B42L01B\aha_B42L01B.csproj", "{360BD846-49F4-4078-BFC1-060A9FC3F1B3}"
EndProject
Global
	GlobalSection(SolutionConfigurationPlatforms) = preSolution
		Debug|Any CPU = Debug|Any CPU
		Release|Any CPU = Release|Any CPU
	EndGlobalSection
	GlobalSection(ProjectConfigurationPlatforms) = postSolution
		{9E37951B-BF9B-4CC8-A6E0-B49A7F954549}.Debug|Any CPU.ActiveCfg = Debug|Any CPU
		{9E37951B-BF9B-4CC8-A6E0-B49A7F954549}.Debug|Any CPU.Build.0 = Debug|Any CPU
		{9E37951B-BF9B-4CC8-A6E0-B49A7F954549}.Release|Any CPU.ActiveCfg = Release|Any CPU
		{9E37951B-BF9B-4CC8-A6E0-B49A7F954549}.Release|Any CPU.Build.0 = Release|Any CPU
		{360BD846-49F4-4078-BFC1-060A9FC3F1B3}.Debug|Any CPU.ActiveCfg = Debug|Any CPU
		{360BD846-49F4-4078-BFC1-060A9FC3F1B3}.Debug|Any CPU.Build.0 = Debug|Any CPU
		{360BD846-49F4-4078-BFC1-060A9FC3F1B3}.Release|Any CPU.ActiveCfg = Release|Any CPU
		{360BD846-49F4-4078-BFC1-060A9FC3F1B3}.Release|Any CPU.Build.0 = Release|Any CPU
	EndGlobalSection
	GlobalSection(SolutionProperties) = preSolution
		HideSolutionNode = FALSE
	EndGlobalSection
EndGlobal
