
Microsoft Visual Studio Solution File, Format Version 12.00
# Visual Studio 14
VisualStudioVersion = 14.0.25420.1
MinimumVisualStudioVersion = 10.0.40219.1
Project("{FAE04EC0-301F-11D3-BF4B-00C04F79EFBC}") = "CaptainAmericaHvkDB", "CaptainAmericaHvkDB\CaptainAmericaHvkDB.csproj", "{869FE8A9-B71C-473C-8A49-71F1009AF2F2}"
EndProject
Project("{FAE04EC0-301F-11D3-BF4B-00C04F79EFBC}") = "CaptainAmericaHvkBLL", "CaptainAmericaHvkBLL\CaptainAmericaHvkBLL.csproj", "{FE9EE073-00C6-4F5C-B257-44B2B8B5458E}"
EndProject
Project("{FAE04EC0-301F-11D3-BF4B-00C04F79EFBC}") = "CaptainAmericaUnitTests", "CaptainAmericaUnitTests\CaptainAmericaUnitTests.csproj", "{989A2AB7-02D6-4F5B-973E-E3B1B07BA83F}"
EndProject
Global
	GlobalSection(SolutionConfigurationPlatforms) = preSolution
		Debug|Any CPU = Debug|Any CPU
		Release|Any CPU = Release|Any CPU
	EndGlobalSection
	GlobalSection(ProjectConfigurationPlatforms) = postSolution
		{869FE8A9-B71C-473C-8A49-71F1009AF2F2}.Debug|Any CPU.ActiveCfg = Debug|Any CPU
		{869FE8A9-B71C-473C-8A49-71F1009AF2F2}.Debug|Any CPU.Build.0 = Debug|Any CPU
		{869FE8A9-B71C-473C-8A49-71F1009AF2F2}.Release|Any CPU.ActiveCfg = Release|Any CPU
		{869FE8A9-B71C-473C-8A49-71F1009AF2F2}.Release|Any CPU.Build.0 = Release|Any CPU
		{FE9EE073-00C6-4F5C-B257-44B2B8B5458E}.Debug|Any CPU.ActiveCfg = Debug|Any CPU
		{FE9EE073-00C6-4F5C-B257-44B2B8B5458E}.Debug|Any CPU.Build.0 = Debug|Any CPU
		{FE9EE073-00C6-4F5C-B257-44B2B8B5458E}.Release|Any CPU.ActiveCfg = Release|Any CPU
		{FE9EE073-00C6-4F5C-B257-44B2B8B5458E}.Release|Any CPU.Build.0 = Release|Any CPU
		{989A2AB7-02D6-4F5B-973E-E3B1B07BA83F}.Debug|Any CPU.ActiveCfg = Debug|Any CPU
		{989A2AB7-02D6-4F5B-973E-E3B1B07BA83F}.Debug|Any CPU.Build.0 = Debug|Any CPU
		{989A2AB7-02D6-4F5B-973E-E3B1B07BA83F}.Release|Any CPU.ActiveCfg = Release|Any CPU
		{989A2AB7-02D6-4F5B-973E-E3B1B07BA83F}.Release|Any CPU.Build.0 = Release|Any CPU
	EndGlobalSection
	GlobalSection(SolutionProperties) = preSolution
		HideSolutionNode = FALSE
	EndGlobalSection
EndGlobal
