
Microsoft Visual Studio Solution File, Format Version 12.00
# Visual Studio 14
VisualStudioVersion = 14.0.25420.1
MinimumVisualStudioVersion = 10.0.40219.1
Project("{FAE04EC0-301F-11D3-BF4B-00C04F79EFBC}") = "StudentInfo", "StudentInfo\StudentInfo.csproj", "{EE999102-7738-4768-BB16-B690ED5ADFF2}"
EndProject
Global
	GlobalSection(SolutionConfigurationPlatforms) = preSolution
		Debug|Any CPU = Debug|Any CPU
		Release|Any CPU = Release|Any CPU
	EndGlobalSection
	GlobalSection(ProjectConfigurationPlatforms) = postSolution
		{EE999102-7738-4768-BB16-B690ED5ADFF2}.Debug|Any CPU.ActiveCfg = Debug|Any CPU
		{EE999102-7738-4768-BB16-B690ED5ADFF2}.Debug|Any CPU.Build.0 = Debug|Any CPU
		{EE999102-7738-4768-BB16-B690ED5ADFF2}.Release|Any CPU.ActiveCfg = Release|Any CPU
		{EE999102-7738-4768-BB16-B690ED5ADFF2}.Release|Any CPU.Build.0 = Release|Any CPU
	EndGlobalSection
	GlobalSection(SolutionProperties) = preSolution
		HideSolutionNode = FALSE
	EndGlobalSection
EndGlobal
